
Microsoft Visual Studio Solution File, Format Version 12.00
# Visual Studio Version 17
VisualStudioVersion = 17.3.32929.385
MinimumVisualStudioVersion = 10.0.40219.1
Project("{FAE04EC0-301F-11D3-BF4B-00C04F79EFBC}") = "AwsTask", "AwsTask.csproj", "{D1907DD3-4224-4B90-A991-95DC1E9B16EB}"
EndProject
Project("{FAE04EC0-301F-11D3-BF4B-00C04F79EFBC}") = "AWSLambda", "..\AWSLambda\AWSLambda.csproj", "{8AA0EDD4-E581-43BF-AE3C-1F74A8CA716C}"
EndProject
Global
	GlobalSection(SolutionConfigurationPlatforms) = preSolution
		Debug|Any CPU = Debug|Any CPU
		Release|Any CPU = Release|Any CPU
	EndGlobalSection
	GlobalSection(ProjectConfigurationPlatforms) = postSolution
		{D1907DD3-4224-4B90-A991-95DC1E9B16EB}.Debug|Any CPU.ActiveCfg = Debug|Any CPU
		{D1907DD3-4224-4B90-A991-95DC1E9B16EB}.Debug|Any CPU.Build.0 = Debug|Any CPU
		{D1907DD3-4224-4B90-A991-95DC1E9B16EB}.Release|Any CPU.ActiveCfg = Release|Any CPU
		{D1907DD3-4224-4B90-A991-95DC1E9B16EB}.Release|Any CPU.Build.0 = Release|Any CPU
		{8AA0EDD4-E581-43BF-AE3C-1F74A8CA716C}.Debug|Any CPU.ActiveCfg = Debug|Any CPU
		{8AA0EDD4-E581-43BF-AE3C-1F74A8CA716C}.Debug|Any CPU.Build.0 = Debug|Any CPU
		{8AA0EDD4-E581-43BF-AE3C-1F74A8CA716C}.Release|Any CPU.ActiveCfg = Release|Any CPU
		{8AA0EDD4-E581-43BF-AE3C-1F74A8CA716C}.Release|Any CPU.Build.0 = Release|Any CPU
	EndGlobalSection
	GlobalSection(SolutionProperties) = preSolution
		HideSolutionNode = FALSE
	EndGlobalSection
	GlobalSection(ExtensibilityGlobals) = postSolution
		SolutionGuid = {4F70DD48-B4E0-4E46-BD19-D5874E3D871E}
	EndGlobalSection
EndGlobal
